
Microsoft Visual Studio Solution File, Format Version 12.00
# Visual Studio Version 17
VisualStudioVersion = 17.0.31903.59
MinimumVisualStudioVersion = 10.0.40219.1
Project("{2150E333-8FDC-42A3-9474-1A3956D46DE8}") = "src", "src", "{827E0CD3-B72D-47B6-A68D-7590B98EB39B}"
EndProject
Project("{FAE04EC0-301F-11D3-BF4B-00C04F79EFBC}") = "FleetOps.Domain", "src\FleetOps.Domain\FleetOps.Domain.csproj", "{B8C08E3F-CD25-44C8-BEE4-DA0B37B1AA23}"
EndProject
Project("{FAE04EC0-301F-11D3-BF4B-00C04F79EFBC}") = "FleetOps.Application", "src\FleetOps.Application\FleetOps.Application.csproj", "{05ABD94F-7643-44C0-89B4-1A8ADABE4D07}"
EndProject
Project("{FAE04EC0-301F-11D3-BF4B-00C04F79EFBC}") = "FleetOps.Infrastructure", "src\FleetOps.Infrastructure\FleetOps.Infrastructure.csproj", "{72928667-04BA-4E01-B5FC-75AC4457195F}"
EndProject
Project("{FAE04EC0-301F-11D3-BF4B-00C04F79EFBC}") = "FleetOps.Api", "src\FleetOps.Api\FleetOps.Api.csproj", "{76810667-3505-4CE3-B98A-D6EA59FA55A3}"
EndProject
Project("{2150E333-8FDC-42A3-9474-1A3956D46DE8}") = "tests", "tests", "{0AB3BF05-4346-4AA6-1389-037BE0695223}"
EndProject
Project("{FAE04EC0-301F-11D3-BF4B-00C04F79EFBC}") = "FleetOps.UnitTests", "tests\FleetOps.UnitTests\FleetOps.UnitTests.csproj", "{C2F82730-6FCE-4135-8030-B1917A7518AA}"
EndProject
Project("{FAE04EC0-301F-11D3-BF4B-00C04F79EFBC}") = "FleetOps.IntegrationTests", "tests\FleetOps.IntegrationTests\FleetOps.IntegrationTests.csproj", "{0E4DE044-9594-4E1D-AFB1-019AF2CDC5AB}"
EndProject
Global
	GlobalSection(SolutionConfigurationPlatforms) = preSolution
		Debug|Any CPU = Debug|Any CPU
		Debug|x64 = Debug|x64
		Debug|x86 = Debug|x86
		Release|Any CPU = Release|Any CPU
		Release|x64 = Release|x64
		Release|x86 = Release|x86
	EndGlobalSection
	GlobalSection(ProjectConfigurationPlatforms) = postSolution
		{B8C08E3F-CD25-44C8-BEE4-DA0B37B1AA23}.Debug|Any CPU.ActiveCfg = Debug|Any CPU
		{B8C08E3F-CD25-44C8-BEE4-DA0B37B1AA23}.Debug|Any CPU.Build.0 = Debug|Any CPU
		{B8C08E3F-CD25-44C8-BEE4-DA0B37B1AA23}.Debug|x64.ActiveCfg = Debug|Any CPU
		{B8C08E3F-CD25-44C8-BEE4-DA0B37B1AA23}.Debug|x64.Build.0 = Debug|Any CPU
		{B8C08E3F-CD25-44C8-BEE4-DA0B37B1AA23}.Debug|x86.ActiveCfg = Debug|Any CPU
		{B8C08E3F-CD25-44C8-BEE4-DA0B37B1AA23}.Debug|x86.Build.0 = Debug|Any CPU
		{B8C08E3F-CD25-44C8-BEE4-DA0B37B1AA23}.Release|Any CPU.ActiveCfg = Release|Any CPU
		{B8C08E3F-CD25-44C8-BEE4-DA0B37B1AA23}.Release|Any CPU.Build.0 = Release|Any CPU
		{B8C08E3F-CD25-44C8-BEE4-DA0B37B1AA23}.Release|x64.ActiveCfg = Release|Any CPU
		{B8C08E3F-CD25-44C8-BEE4-DA0B37B1AA23}.Release|x64.Build.0 = Release|Any CPU
		{B8C08E3F-CD25-44C8-BEE4-DA0B37B1AA23}.Release|x86.ActiveCfg = Release|Any CPU
		{B8C08E3F-CD25-44C8-BEE4-DA0B37B1AA23}.Release|x86.Build.0 = Release|Any CPU
		{05ABD94F-7643-44C0-89B4-1A8ADABE4D07}.Debug|Any CPU.ActiveCfg = Debug|Any CPU
		{05ABD94F-7643-44C0-89B4-1A8ADABE4D07}.Debug|Any CPU.Build.0 = Debug|Any CPU
		{05ABD94F-7643-44C0-89B4-1A8ADABE4D07}.Debug|x64.ActiveCfg = Debug|Any CPU
		{05ABD94F-7643-44C0-89B4-1A8ADABE4D07}.Debug|x64.Build.0 = Debug|Any CPU
		{05ABD94F-7643-44C0-89B4-1A8ADABE4D07}.Debug|x86.ActiveCfg = Debug|Any CPU
		{05ABD94F-7643-44C0-89B4-1A8ADABE4D07}.Debug|x86.Build.0 = Debug|Any CPU
		{05ABD94F-7643-44C0-89B4-1A8ADABE4D07}.Release|Any CPU.ActiveCfg = Release|Any CPU
		{05ABD94F-7643-44C0-89B4-1A8ADABE4D07}.Release|Any CPU.Build.0 = Release|Any CPU
		{05ABD94F-7643-44C0-89B4-1A8ADABE4D07}.Release|x64.ActiveCfg = Release|Any CPU
		{05ABD94F-7643-44C0-89B4-1A8ADABE4D07}.Release|x64.Build.0 = Release|Any CPU
		{05ABD94F-7643-44C0-89B4-1A8ADABE4D07}.Release|x86.ActiveCfg = Release|Any CPU
		{05ABD94F-7643-44C0-89B4-1A8ADABE4D07}.Release|x86.Build.0 = Release|Any CPU
		{72928667-04BA-4E01-B5FC-75AC4457195F}.Debug|Any CPU.ActiveCfg = Debug|Any CPU
		{72928667-04BA-4E01-B5FC-75AC4457195F}.Debug|Any CPU.Build.0 = Debug|Any CPU
		{72928667-04BA-4E01-B5FC-75AC4457195F}.Debug|x64.ActiveCfg = Debug|Any CPU
		{72928667-04BA-4E01-B5FC-75AC4457195F}.Debug|x64.Build.0 = Debug|Any CPU
		{72928667-04BA-4E01-B5FC-75AC4457195F}.Debug|x86.ActiveCfg = Debug|Any CPU
		{72928667-04BA-4E01-B5FC-75AC4457195F}.Debug|x86.Build.0 = Debug|Any CPU
		{72928667-04BA-4E01-B5FC-75AC4457195F}.Release|Any CPU.ActiveCfg = Release|Any CPU
		{72928667-04BA-4E01-B5FC-75AC4457195F}.Release|Any CPU.Build.0 = Release|Any CPU
		{72928667-04BA-4E01-B5FC-75AC4457195F}.Release|x64.ActiveCfg = Release|Any CPU
		{72928667-04BA-4E01-B5FC-75AC4457195F}.Release|x64.Build.0 = Release|Any CPU
		{72928667-04BA-4E01-B5FC-75AC4457195F}.Release|x86.ActiveCfg = Release|Any CPU
		{72928667-04BA-4E01-B5FC-75AC4457195F}.Release|x86.Build.0 = Release|Any CPU
		{76810667-3505-4CE3-B98A-D6EA59FA55A3}.Debug|Any CPU.ActiveCfg = Debug|Any CPU
		{76810667-3505-4CE3-B98A-D6EA59FA55A3}.Debug|Any CPU.Build.0 = Debug|Any CPU
		{76810667-3505-4CE3-B98A-D6EA59FA55A3}.Debug|x64.ActiveCfg = Debug|Any CPU
		{76810667-3505-4CE3-B98A-D6EA59FA55A3}.Debug|x64.Build.0 = Debug|Any CPU
		{76810667-3505-4CE3-B98A-D6EA59FA55A3}.Debug|x86.ActiveCfg = Debug|Any CPU
		{76810667-3505-4CE3-B98A-D6EA59FA55A3}.Debug|x86.Build.0 = Debug|Any CPU
		{76810667-3505-4CE3-B98A-D6EA59FA55A3}.Release|Any CPU.ActiveCfg = Release|Any CPU
		{76810667-3505-4CE3-B98A-D6EA59FA55A3}.Release|Any CPU.Build.0 = Release|Any CPU
		{76810667-3505-4CE3-B98A-D6EA59FA55A3}.Release|x64.ActiveCfg = Release|Any CPU
		{76810667-3505-4CE3-B98A-D6EA59FA55A3}.Release|x64.Build.0 = Release|Any CPU
		{76810667-3505-4CE3-B98A-D6EA59FA55A3}.Release|x86.ActiveCfg = Release|Any CPU
		{76810667-3505-4CE3-B98A-D6EA59FA55A3}.Release|x86.Build.0 = Release|Any CPU
		{C2F82730-6FCE-4135-8030-B1917A7518AA}.Debug|Any CPU.ActiveCfg = Debug|Any CPU
		{C2F82730-6FCE-4135-8030-B1917A7518AA}.Debug|Any CPU.Build.0 = Debug|Any CPU
		{C2F82730-6FCE-4135-8030-B1917A7518AA}.Debug|x64.ActiveCfg = Debug|Any CPU
		{C2F82730-6FCE-4135-8030-B1917A7518AA}.Debug|x64.Build.0 = Debug|Any CPU
		{C2F82730-6FCE-4135-8030-B1917A7518AA}.Debug|x86.ActiveCfg = Debug|Any CPU
		{C2F82730-6FCE-4135-8030-B1917A7518AA}.Debug|x86.Build.0 = Debug|Any CPU
		{C2F82730-6FCE-4135-8030-B1917A7518AA}.Release|Any CPU.ActiveCfg = Release|Any CPU
		{C2F82730-6FCE-4135-8030-B1917A7518AA}.Release|Any CPU.Build.0 = Release|Any CPU
		{C2F82730-6FCE-4135-8030-B1917A7518AA}.Release|x64.ActiveCfg = Release|Any CPU
		{C2F82730-6FCE-4135-8030-B1917A7518AA}.Release|x64.Build.0 = Release|Any CPU
		{C2F82730-6FCE-4135-8030-B1917A7518AA}.Release|x86.ActiveCfg = Release|Any CPU
		{C2F82730-6FCE-4135-8030-B1917A7518AA}.Release|x86.Build.0 = Release|Any CPU
		{0E4DE044-9594-4E1D-AFB1-019AF2CDC5AB}.Debug|Any CPU.ActiveCfg = Debug|Any CPU
		{0E4DE044-9594-4E1D-AFB1-019AF2CDC5AB}.Debug|Any CPU.Build.0 = Debug|Any CPU
		{0E4DE044-9594-4E1D-AFB1-019AF2CDC5AB}.Debug|x64.ActiveCfg = Debug|Any CPU
		{0E4DE044-9594-4E1D-AFB1-019AF2CDC5AB}.Debug|x64.Build.0 = Debug|Any CPU
		{0E4DE044-9594-4E1D-AFB1-019AF2CDC5AB}.Debug|x86.ActiveCfg = Debug|Any CPU
		{0E4DE044-9594-4E1D-AFB1-019AF2CDC5AB}.Debug|x86.Build.0 = Debug|Any CPU
		{0E4DE044-9594-4E1D-AFB1-019AF2CDC5AB}.Release|Any CPU.ActiveCfg = Release|Any CPU
		{0E4DE044-9594-4E1D-AFB1-019AF2CDC5AB}.Release|Any CPU.Build.0 = Release|Any CPU
		{0E4DE044-9594-4E1D-AFB1-019AF2CDC5AB}.Release|x64.ActiveCfg = Release|Any CPU
		{0E4DE044-9594-4E1D-AFB1-019AF2CDC5AB}.Release|x64.Build.0 = Release|Any CPU
		{0E4DE044-9594-4E1D-AFB1-019AF2CDC5AB}.Release|x86.ActiveCfg = Release|Any CPU
		{0E4DE044-9594-4E1D-AFB1-019AF2CDC5AB}.Release|x86.Build.0 = Release|Any CPU
	EndGlobalSection
	GlobalSection(SolutionProperties) = preSolution
		HideSolutionNode = FALSE
	EndGlobalSection
	GlobalSection(NestedProjects) = preSolution
		{B8C08E3F-CD25-44C8-BEE4-DA0B37B1AA23} = {827E0CD3-B72D-47B6-A68D-7590B98EB39B}
		{05ABD94F-7643-44C0-89B4-1A8ADABE4D07} = {827E0CD3-B72D-47B6-A68D-7590B98EB39B}
		{72928667-04BA-4E01-B5FC-75AC4457195F} = {827E0CD3-B72D-47B6-A68D-7590B98EB39B}
		{76810667-3505-4CE3-B98A-D6EA59FA55A3} = {827E0CD3-B72D-47B6-A68D-7590B98EB39B}
		{C2F82730-6FCE-4135-8030-B1917A7518AA} = {0AB3BF05-4346-4AA6-1389-037BE0695223}
		{0E4DE044-9594-4E1D-AFB1-019AF2CDC5AB} = {0AB3BF05-4346-4AA6-1389-037BE0695223}
	EndGlobalSection
EndGlobal
